
Microsoft Visual Studio Solution File, Format Version 10.00
# Visual Studio 2008
Project("{FAE04EC0-301F-11D3-BF4B-00C04F79EFBC}") = "TestProjectSite", "TestProjectSite.csproj", "{8715B53D-527F-4D85-BB03-5AD1B10C9CCF}"
EndProject
Global
	GlobalSection(SolutionConfigurationPlatforms) = preSolution
		Debug|Any CPU = Debug|Any CPU
		Release|Any CPU = Release|Any CPU
	EndGlobalSection
	GlobalSection(ProjectConfigurationPlatforms) = postSolution
		{8715B53D-527F-4D85-BB03-5AD1B10C9CCF}.Debug|Any CPU.ActiveCfg = Debug|Any CPU
		{8715B53D-527F-4D85-BB03-5AD1B10C9CCF}.Debug|Any CPU.Build.0 = Debug|Any CPU
		{8715B53D-527F-4D85-BB03-5AD1B10C9CCF}.Release|Any CPU.ActiveCfg = Release|Any CPU
		{8715B53D-527F-4D85-BB03-5AD1B10C9CCF}.Release|Any CPU.Build.0 = Release|Any CPU
	EndGlobalSection
	GlobalSection(SolutionProperties) = preSolution
		HideSolutionNode = FALSE
	EndGlobalSection
EndGlobal
